// !$*UTF8*$!
{
	archiveVersion = 1;
	classes = {
	};
	objectVersion = 56;
	objects = {

/* Begin PBXBuildFile section */
		6ADB5B1F2A4344B500A2CF3B /* BeerAI Watch App.app in Embed Watch Content */ = {isa = PBXBuildFile; fileRef = 6ADB5B1E2A4344B500A2CF3B /* BeerAI Watch App.app */; settings = {ATTRIBUTES = (RemoveHeadersOnCopy, ); }; };
		6ADB5B242A4344B500A2CF3B /* BeerAIApp.swift in Sources */ = {isa = PBXBuildFile; fileRef = 6ADB5B232A4344B500A2CF3B /* BeerAIApp.swift */; };
		6ADB5B262A4344B500A2CF3B /* ContentView.swift in Sources */ = {isa = PBXBuildFile; fileRef = 6ADB5B252A4344B500A2CF3B /* ContentView.swift */; };
		6ADB5B282A4344B700A2CF3B /* Assets.xcassets in Resources */ = {isa = PBXBuildFile; fileRef = 6ADB5B272A4344B700A2CF3B /* Assets.xcassets */; };
		6ADB5B2B2A4344B700A2CF3B /* Preview Assets.xcassets in Resources */ = {isa = PBXBuildFile; fileRef = 6ADB5B2A2A4344B700A2CF3B /* Preview Assets.xcassets */; };
		6ADB5B362A43451000A2CF3B /* Constants.swift in Sources */ = {isa = PBXBuildFile; fileRef = 6ADB5B352A43451000A2CF3B /* Constants.swift */; };
		6ADB5B382A43452E00A2CF3B /* ChatMessageModel.swift in Sources */ = {isa = PBXBuildFile; fileRef = 6ADB5B372A43452E00A2CF3B /* ChatMessageModel.swift */; };
		6ADB5B3A2A43455000A2CF3B /* AICompletionsModel.swift in Sources */ = {isa = PBXBuildFile; fileRef = 6ADB5B392A43455000A2CF3B /* AICompletionsModel.swift */; };
		6ADB5B3C2A43457000A2CF3B /* AIService.swift in Sources */ = {isa = PBXBuildFile; fileRef = 6ADB5B3B2A43457000A2CF3B /* AIService.swift */; };
		6ADB5B3F2A43458100A2CF3B /* Alamofire in Frameworks */ = {isa = PBXBuildFile; productRef = 6ADB5B3E2A43458100A2CF3B /* Alamofire */; };
		6ADB5B412A4345A900A2CF3B /* MessageView.swift in Sources */ = {isa = PBXBuildFile; fileRef = 6ADB5B402A4345A900A2CF3B /* MessageView.swift */; };
/* End PBXBuildFile section */

/* Begin PBXContainerItemProxy section */
		6ADB5B202A4344B500A2CF3B /* PBXContainerItemProxy */ = {
			isa = PBXContainerItemProxy;
			containerPortal = 6ADB5B122A4344B500A2CF3B /* Project object */;
			proxyType = 1;
			remoteGlobalIDString = 6ADB5B1D2A4344B500A2CF3B;
			remoteInfo = "BeerAI Watch App";
		};
/* End PBXContainerItemProxy section */

/* Begin PBXCopyFilesBuildPhase section */
		6ADB5B312A4344B700A2CF3B /* Embed Watch Content */ = {
			isa = PBXCopyFilesBuildPhase;
			buildActionMask = 2147483647;
			dstPath = "$(CONTENTS_FOLDER_PATH)/Watch";
			dstSubfolderSpec = 16;
			files = (
				6ADB5B1F2A4344B500A2CF3B /* BeerAI Watch App.app in Embed Watch Content */,
			);
			name = "Embed Watch Content";
			runOnlyForDeploymentPostprocessing = 0;
		};
/* End PBXCopyFilesBuildPhase section */

/* Begin PBXFileReference section */
		6ADB5B182A4344B500A2CF3B /* BeerAI.app */ = {isa = PBXFileReference; explicitFileType = wrapper.application; includeInIndex = 0; path = BeerAI.app; sourceTree = BUILT_PRODUCTS_DIR; };
		6ADB5B1E2A4344B500A2CF3B /* BeerAI Watch App.app */ = {isa = PBXFileReference; explicitFileType = wrapper.application; includeInIndex = 0; path = "BeerAI Watch App.app"; sourceTree = BUILT_PRODUCTS_DIR; };
		6ADB5B232A4344B500A2CF3B /* BeerAIApp.swift */ = {isa = PBXFileReference; lastKnownFileType = sourcecode.swift; path = BeerAIApp.swift; sourceTree = "<group>"; };
		6ADB5B252A4344B500A2CF3B /* ContentView.swift */ = {isa = PBXFileReference; lastKnownFileType = sourcecode.swift; path = ContentView.swift; sourceTree = "<group>"; };
		6ADB5B272A4344B700A2CF3B /* Assets.xcassets */ = {isa = PBXFileReference; lastKnownFileType = folder.assetcatalog; path = Assets.xcassets; sourceTree = "<group>"; };
		6ADB5B2A2A4344B700A2CF3B /* Preview Assets.xcassets */ = {isa = PBXFileReference; lastKnownFileType = folder.assetcatalog; path = "Preview Assets.xcassets"; sourceTree = "<group>"; };
		6ADB5B352A43451000A2CF3B /* Constants.swift */ = {isa = PBXFileReference; lastKnownFileType = sourcecode.swift; path = Constants.swift; sourceTree = "<group>"; };
		6ADB5B372A43452E00A2CF3B /* ChatMessageModel.swift */ = {isa = PBXFileReference; lastKnownFileType = sourcecode.swift; path = ChatMessageModel.swift; sourceTree = "<group>"; };
		6ADB5B392A43455000A2CF3B /* AICompletionsModel.swift */ = {isa = PBXFileReference; lastKnownFileType = sourcecode.swift; path = AICompletionsModel.swift; sourceTree = "<group>"; };
		6ADB5B3B2A43457000A2CF3B /* AIService.swift */ = {isa = PBXFileReference; lastKnownFileType = sourcecode.swift; path = AIService.swift; sourceTree = "<group>"; };
		6ADB5B402A4345A900A2CF3B /* MessageView.swift */ = {isa = PBXFileReference; lastKnownFileType = sourcecode.swift; path = MessageView.swift; sourceTree = "<group>"; };
		6ADB5B432A434AAD00A2CF3B /* libAXSpeechManager.tbd */ = {isa = PBXFileReference; lastKnownFileType = "sourcecode.text-based-dylib-definition"; name = libAXSpeechManager.tbd; path = Platforms/WatchOS.platform/Developer/SDKs/WatchOS9.4.sdk/usr/lib/libAXSpeechManager.tbd; sourceTree = DEVELOPER_DIR; };
/* End PBXFileReference section */

/* Begin PBXFrameworksBuildPhase section */
		6ADB5B1B2A4344B500A2CF3B /* Frameworks */ = {
			isa = PBXFrameworksBuildPhase;
			buildActionMask = 2147483647;
			files = (
				6ADB5B3F2A43458100A2CF3B /* Alamofire in Frameworks */,
			);
			runOnlyForDeploymentPostprocessing = 0;
		};
/* End PBXFrameworksBuildPhase section */

/* Begin PBXGroup section */
		6ADB5B112A4344B500A2CF3B = {
			isa = PBXGroup;
			children = (
				6ADB5B222A4344B500A2CF3B /* BeerAI Watch App */,
				6ADB5B192A4344B500A2CF3B /* Products */,
				6ADB5B422A434AA200A2CF3B /* Frameworks */,
			);
			sourceTree = "<group>";
		};
		6ADB5B192A4344B500A2CF3B /* Products */ = {
			isa = PBXGroup;
			children = (
				6ADB5B182A4344B500A2CF3B /* BeerAI.app */,
				6ADB5B1E2A4344B500A2CF3B /* BeerAI Watch App.app */,
			);
			name = Products;
			sourceTree = "<group>";
		};
		6ADB5B222A4344B500A2CF3B /* BeerAI Watch App */ = {
			isa = PBXGroup;
			children = (
				6ADB5B232A4344B500A2CF3B /* BeerAIApp.swift */,
				6ADB5B252A4344B500A2CF3B /* ContentView.swift */,
				6ADB5B272A4344B700A2CF3B /* Assets.xcassets */,
				6ADB5B292A4344B700A2CF3B /* Preview Content */,
				6ADB5B352A43451000A2CF3B /* Constants.swift */,
				6ADB5B372A43452E00A2CF3B /* ChatMessageModel.swift */,
				6ADB5B392A43455000A2CF3B /* AICompletionsModel.swift */,
				6ADB5B3B2A43457000A2CF3B /* AIService.swift */,
				6ADB5B402A4345A900A2CF3B /* MessageView.swift */,
			);
			path = "BeerAI Watch App";
			sourceTree = "<group>";
		};
		6ADB5B292A4344B700A2CF3B /* Preview Content */ = {
			isa = PBXGroup;
			children = (
				6ADB5B2A2A4344B700A2CF3B /* Preview Assets.xcassets */,
			);
			path = "Preview Content";
			sourceTree = "<group>";
		};
		6ADB5B422A434AA200A2CF3B /* Frameworks */ = {
			isa = PBXGroup;
			children = (
				6ADB5B432A434AAD00A2CF3B /* libAXSpeechManager.tbd */,
			);
			name = Frameworks;
			sourceTree = "<group>";
		};
/* End PBXGroup section */

/* Begin PBXNativeTarget section */
		6ADB5B172A4344B500A2CF3B /* BeerAI */ = {
			isa = PBXNativeTarget;
			buildConfigurationList = 6ADB5B322A4344B700A2CF3B /* Build configuration list for PBXNativeTarget "BeerAI" */;
			buildPhases = (
				6ADB5B162A4344B500A2CF3B /* Resources */,
				6ADB5B312A4344B700A2CF3B /* Embed Watch Content */,
			);
			buildRules = (
			);
			dependencies = (
				6ADB5B212A4344B500A2CF3B /* PBXTargetDependency */,
			);
			name = BeerAI;
			productName = BeerAI;
			productReference = 6ADB5B182A4344B500A2CF3B /* BeerAI.app */;
			productType = "com.apple.product-type.application.watchapp2-container";
		};
		6ADB5B1D2A4344B500A2CF3B /* BeerAI Watch App */ = {
			isa = PBXNativeTarget;
			buildConfigurationList = 6ADB5B2E2A4344B700A2CF3B /* Build configuration list for PBXNativeTarget "BeerAI Watch App" */;
			buildPhases = (
				6ADB5B1A2A4344B500A2CF3B /* Sources */,
				6ADB5B1B2A4344B500A2CF3B /* Frameworks */,
				6ADB5B1C2A4344B500A2CF3B /* Resources */,
			);
			buildRules = (
			);
			dependencies = (
			);
			name = "BeerAI Watch App";
			packageProductDependencies = (
				6ADB5B3E2A43458100A2CF3B /* Alamofire */,
			);
			productName = "BeerAI Watch App";
			productReference = 6ADB5B1E2A4344B500A2CF3B /* BeerAI Watch App.app */;
			productType = "com.apple.product-type.application";
		};
/* End PBXNativeTarget section */

/* Begin PBXProject section */
		6ADB5B122A4344B500A2CF3B /* Project object */ = {
			isa = PBXProject;
			attributes = {
				BuildIndependentTargetsInParallel = 1;
				LastSwiftUpdateCheck = 1430;
				LastUpgradeCheck = 1430;
				TargetAttributes = {
					6ADB5B172A4344B500A2CF3B = {
						CreatedOnToolsVersion = 14.3.1;
					};
					6ADB5B1D2A4344B500A2CF3B = {
						CreatedOnToolsVersion = 14.3.1;
					};
				};
			};
			buildConfigurationList = 6ADB5B152A4344B500A2CF3B /* Build configuration list for PBXProject "BeerAI" */;
			compatibilityVersion = "Xcode 14.0";
			developmentRegion = en;
			hasScannedForEncodings = 0;
			knownRegions = (
				en,
				Base,
			);
			mainGroup = 6ADB5B112A4344B500A2CF3B;
			packageReferences = (
				6ADB5B3D2A43458100A2CF3B /* XCRemoteSwiftPackageReference "Alamofire" */,
			);
			productRefGroup = 6ADB5B192A4344B500A2CF3B /* Products */;
			projectDirPath = "";
			projectRoot = "";
			targets = (
				6ADB5B172A4344B500A2CF3B /* BeerAI */,
				6ADB5B1D2A4344B500A2CF3B /* BeerAI Watch App */,
			);
		};
/* End PBXProject section */

/* Begin PBXResourcesBuildPhase section */
		6ADB5B162A4344B500A2CF3B /* Resources */ = {
			isa = PBXResourcesBuildPhase;
			buildActionMask = 2147483647;
			files = (
			);
			runOnlyForDeploymentPostprocessing = 0;
		};
		6ADB5B1C2A4344B500A2CF3B /* Resources */ = {
			isa = PBXResourcesBuildPhase;
			buildActionMask = 2147483647;
			files = (
				6ADB5B2B2A4344B700A2CF3B /* Preview Assets.xcassets in Resources */,
				6ADB5B282A4344B700A2CF3B /* Assets.xcassets in Resources */,
			);
			runOnlyForDeploymentPostprocessing = 0;
		};
/* End PBXResourcesBuildPhase section */

/* Begin PBXSourcesBuildPhase section */
		6ADB5B1A2A4344B500A2CF3B /* Sources */ = {
			isa = PBXSourcesBuildPhase;
			buildActionMask = 2147483647;
			files = (
				6ADB5B262A4344B500A2CF3B /* ContentView.swift in Sources */,
				6ADB5B3C2A43457000A2CF3B /* AIService.swift in Sources */,
				6ADB5B3A2A43455000A2CF3B /* AICompletionsModel.swift in Sources */,
				6ADB5B242A4344B500A2CF3B /* BeerAIApp.swift in Sources */,
				6ADB5B362A43451000A2CF3B /* Constants.swift in Sources */,
				6ADB5B412A4345A900A2CF3B /* MessageView.swift in Sources */,
				6ADB5B382A43452E00A2CF3B /* ChatMessageModel.swift in Sources */,
			);
			runOnlyForDeploymentPostprocessing = 0;
		};
/* End PBXSourcesBuildPhase section */

/* Begin PBXTargetDependency section */
		6ADB5B212A4344B500A2CF3B /* PBXTargetDependency */ = {
			isa = PBXTargetDependency;
			target = 6ADB5B1D2A4344B500A2CF3B /* BeerAI Watch App */;
			targetProxy = 6ADB5B202A4344B500A2CF3B /* PBXContainerItemProxy */;
		};
/* End PBXTargetDependency section */

/* Begin XCBuildConfiguration section */
		6ADB5B2C2A4344B700A2CF3B /* Debug */ = {
			isa = XCBuildConfiguration;
			buildSettings = {
				ALWAYS_SEARCH_USER_PATHS = NO;
				CLANG_ANALYZER_NONNULL = YES;
				CLANG_ANALYZER_NUMBER_OBJECT_CONVERSION = YES_AGGRESSIVE;
				CLANG_CXX_LANGUAGE_STANDARD = "gnu++20";
				CLANG_ENABLE_MODULES = YES;
				CLANG_ENABLE_OBJC_ARC = YES;
				CLANG_ENABLE_OBJC_WEAK = YES;
				CLANG_WARN_BLOCK_CAPTURE_AUTORELEASING = YES;
				CLANG_WARN_BOOL_CONVERSION = YES;
				CLANG_WARN_COMMA = YES;
				CLANG_WARN_CONSTANT_CONVERSION = YES;
				CLANG_WARN_DEPRECATED_OBJC_IMPLEMENTATIONS = YES;
				CLANG_WARN_DIRECT_OBJC_ISA_USAGE = YES_ERROR;
				CLANG_WARN_DOCUMENTATION_COMMENTS = YES;
				CLANG_WARN_EMPTY_BODY = YES;
				CLANG_WARN_ENUM_CONVERSION = YES;
				CLANG_WARN_INFINITE_RECURSION = YES;
				CLANG_WARN_INT_CONVERSION = YES;
				CLANG_WARN_NON_LITERAL_NULL_CONVERSION = YES;
				CLANG_WARN_OBJC_IMPLICIT_RETAIN_SELF = YES;
				CLANG_WARN_OBJC_LITERAL_CONVERSION = YES;
				CLANG_WARN_OBJC_ROOT_CLASS = YES_ERROR;
				CLANG_WARN_QUOTED_INCLUDE_IN_FRAMEWORK_HEADER = YES;
				CLANG_WARN_RANGE_LOOP_ANALYSIS = YES;
				CLANG_WARN_STRICT_PROTOTYPES = YES;
				CLANG_WARN_SUSPICIOUS_MOVE = YES;
				CLANG_WARN_UNGUARDED_AVAILABILITY = YES_AGGRESSIVE;
				CLANG_WARN_UNREACHABLE_CODE = YES;
				CLANG_WARN__DUPLICATE_METHOD_MATCH = YES;
				COPY_PHASE_STRIP = NO;
				DEBUG_INFORMATION_FORMAT = dwarf;
				ENABLE_STRICT_OBJC_MSGSEND = YES;
				ENABLE_TESTABILITY = YES;
				GCC_C_LANGUAGE_STANDARD = gnu11;
				GCC_DYNAMIC_NO_PIC = NO;
				GCC_NO_COMMON_BLOCKS = YES;
				GCC_OPTIMIZATION_LEVEL = 0;
				GCC_PREPROCESSOR_DEFINITIONS = (
					"DEBUG=1",
					"$(inherited)",
				);
				GCC_WARN_64_TO_32_BIT_CONVERSION = YES;
				GCC_WARN_ABOUT_RETURN_TYPE = YES_ERROR;
				GCC_WARN_UNDECLARED_SELECTOR = YES;
				GCC_WARN_UNINITIALIZED_AUTOS = YES_AGGRESSIVE;
				GCC_WARN_UNUSED_FUNCTION = YES;
				GCC_WARN_UNUSED_VARIABLE = YES;
				MTL_ENABLE_DEBUG_INFO = INCLUDE_SOURCE;
				MTL_FAST_MATH = YES;
				ONLY_ACTIVE_ARCH = YES;
				SWIFT_ACTIVE_COMPILATION_CONDITIONS = DEBUG;
				SWIFT_OPTIMIZATION_LEVEL = "-Onone";
			};
			name = Debug;
		};
		6ADB5B2D2A4344B700A2CF3B /* Release */ = {
			isa = XCBuildConfiguration;
			buildSettings = {
				ALWAYS_SEARCH_USER_PATHS = NO;
				CLANG_ANALYZER_NONNULL = YES;
				CLANG_ANALYZER_NUMBER_OBJECT_CONVERSION = YES_AGGRESSIVE;
				CLANG_CXX_LANGUAGE_STANDARD = "gnu++20";
				CLANG_ENABLE_MODULES = YES;
				CLANG_ENABLE_OBJC_ARC = YES;
				CLANG_ENABLE_OBJC_WEAK = YES;
				CLANG_WARN_BLOCK_CAPTURE_AUTORELEASING = YES;
				CLANG_WARN_BOOL_CONVERSION = YES;
				CLANG_WARN_COMMA = YES;
				CLANG_WARN_CONSTANT_CONVERSION = YES;
				CLANG_WARN_DEPRECATED_OBJC_IMPLEMENTATIONS = YES;
				CLANG_WARN_DIRECT_OBJC_ISA_USAGE = YES_ERROR;
				CLANG_WARN_DOCUMENTATION_COMMENTS = YES;
				CLANG_WARN_EMPTY_BODY = YES;
				CLANG_WARN_ENUM_CONVERSION = YES;
				CLANG_WARN_INFINITE_RECURSION = YES;
				CLANG_WARN_INT_CONVERSION = YES;
				CLANG_WARN_NON_LITERAL_NULL_CONVERSION = YES;
				CLANG_WARN_OBJC_IMPLICIT_RETAIN_SELF = YES;
				CLANG_WARN_OBJC_LITERAL_CONVERSION = YES;
				CLANG_WARN_OBJC_ROOT_CLASS = YES_ERROR;
				CLANG_WARN_QUOTED_INCLUDE_IN_FRAMEWORK_HEADER = YES;
				CLANG_WARN_RANGE_LOOP_ANALYSIS = YES;
				CLANG_WARN_STRICT_PROTOTYPES = YES;
				CLANG_WARN_SUSPICIOUS_MOVE = YES;
				CLANG_WARN_UNGUARDED_AVAILABILITY = YES_AGGRESSIVE;
				CLANG_WARN_UNREACHABLE_CODE = YES;
				CLANG_WARN__DUPLICATE_METHOD_MATCH = YES;
				COPY_PHASE_STRIP = NO;
				DEBUG_INFORMATION_FORMAT = "dwarf-with-dsym";
				ENABLE_NS_ASSERTIONS = NO;
				ENABLE_STRICT_OBJC_MSGSEND = YES;
				GCC_C_LANGUAGE_STANDARD = gnu11;
				GCC_NO_COMMON_BLOCKS = YES;
				GCC_WARN_64_TO_32_BIT_CONVERSION = YES;
				GCC_WARN_ABOUT_RETURN_TYPE = YES_ERROR;
				GCC_WARN_UNDECLARED_SELECTOR = YES;
				GCC_WARN_UNINITIALIZED_AUTOS = YES_AGGRESSIVE;
				GCC_WARN_UNUSED_FUNCTION = YES;
				GCC_WARN_UNUSED_VARIABLE = YES;
				MTL_ENABLE_DEBUG_INFO = NO;
				MTL_FAST_MATH = YES;
				SWIFT_COMPILATION_MODE = wholemodule;
				SWIFT_OPTIMIZATION_LEVEL = "-O";
			};
			name = Release;
		};
		6ADB5B2F2A4344B700A2CF3B /* Debug */ = {
			isa = XCBuildConfiguration;
			buildSettings = {
				ASSETCATALOG_COMPILER_APPICON_NAME = AppIcon;
				ASSETCATALOG_COMPILER_GLOBAL_ACCENT_COLOR_NAME = AccentColor;
				CODE_SIGN_STYLE = Automatic;
				CURRENT_PROJECT_VERSION = 1;
				DEVELOPMENT_ASSET_PATHS = "\"BeerAI Watch App/Preview Content\"";
				DEVELOPMENT_TEAM = LTQ8HN4BN3;
				ENABLE_PREVIEWS = YES;
				GENERATE_INFOPLIST_FILE = YES;
				INFOPLIST_KEY_CFBundleDisplayName = BeerAI;
				INFOPLIST_KEY_UISupportedInterfaceOrientations = "UIInterfaceOrientationPortrait UIInterfaceOrientationPortraitUpsideDown";
				INFOPLIST_KEY_WKWatchOnly = YES;
				LD_RUNPATH_SEARCH_PATHS = (
					"$(inherited)",
					"@executable_path/Frameworks",
				);
				MARKETING_VERSION = 1.0;
				PRODUCT_BUNDLE_IDENTIFIER = me.doublenico.BeerAI.watchkitapp;
				PRODUCT_NAME = "$(TARGET_NAME)";
				SDKROOT = watchos;
				SKIP_INSTALL = YES;
				SWIFT_EMIT_LOC_STRINGS = YES;
				SWIFT_VERSION = 5.0;
				TARGETED_DEVICE_FAMILY = 4;
				WATCHOS_DEPLOYMENT_TARGET = 9.4;
			};
			name = Debug;
		};
		6ADB5B302A4344B700A2CF3B /* Release */ = {
			isa = XCBuildConfiguration;
			buildSettings = {
				ASSETCATALOG_COMPILER_APPICON_NAME = AppIcon;
				ASSETCATALOG_COMPILER_GLOBAL_ACCENT_COLOR_NAME = AccentColor;
				CODE_SIGN_STYLE = Automatic;
				CURRENT_PROJECT_VERSION = 1;
				DEVELOPMENT_ASSET_PATHS = "\"BeerAI Watch App/Preview Content\"";
				DEVELOPMENT_TEAM = LTQ8HN4BN3;
				ENABLE_PREVIEWS = YES;
				GENERATE_INFOPLIST_FILE = YES;
				INFOPLIST_KEY_CFBundleDisplayName = BeerAI;
				INFOPLIST_KEY_UISupportedInterfaceOrientations = "UIInterfaceOrientationPortrait UIInterfaceOrientationPortraitUpsideDown";
				INFOPLIST_KEY_WKWatchOnly = YES;
				LD_RUNPATH_SEARCH_PATHS = (
					"$(inherited)",
					"@executable_path/Frameworks",
				);
				MARKETING_VERSION = 1.0;
				PRODUCT_BUNDLE_IDENTIFIER = me.doublenico.BeerAI.watchkitapp;
				PRODUCT_NAME = "$(TARGET_NAME)";
				SDKROOT = watchos;
				SKIP_INSTALL = YES;
				SWIFT_EMIT_LOC_STRINGS = YES;
				SWIFT_VERSION = 5.0;
				TARGETED_DEVICE_FAMILY = 4;
				VALIDATE_PRODUCT = YES;
				WATCHOS_DEPLOYMENT_TARGET = 9.4;
			};
			name = Release;
		};
		6ADB5B332A4344B700A2CF3B /* Debug */ = {
			isa = XCBuildConfiguration;
			buildSettings = {
				ALWAYS_EMBED_SWIFT_STANDARD_LIBRARIES = YES;
				CODE_SIGN_STYLE = Automatic;
				CURRENT_PROJECT_VERSION = 1;
				DEVELOPMENT_TEAM = LTQ8HN4BN3;
				INFOPLIST_KEY_CFBundleDisplayName = BeerAI;
				MARKETING_VERSION = 1.0;
				PRODUCT_BUNDLE_IDENTIFIER = me.doublenico.BeerAI;
				PRODUCT_NAME = "$(TARGET_NAME)";
				SDKROOT = iphoneos;
				SWIFT_VERSION = 5.0;
			};
			name = Debug;
		};
		6ADB5B342A4344B700A2CF3B /* Release */ = {
			isa = XCBuildConfiguration;
			buildSettings = {
				ALWAYS_EMBED_SWIFT_STANDARD_LIBRARIES = YES;
				CODE_SIGN_STYLE = Automatic;
				CURRENT_PROJECT_VERSION = 1;
				DEVELOPMENT_TEAM = LTQ8HN4BN3;
				INFOPLIST_KEY_CFBundleDisplayName = BeerAI;
				MARKETING_VERSION = 1.0;
				PRODUCT_BUNDLE_IDENTIFIER = me.doublenico.BeerAI;
				PRODUCT_NAME = "$(TARGET_NAME)";
				SDKROOT = iphoneos;
				SWIFT_VERSION = 5.0;
				VALIDATE_PRODUCT = YES;
			};
			name = Release;
		};
/* End XCBuildConfiguration section */

/* Begin XCConfigurationList section */
		6ADB5B152A4344B500A2CF3B /* Build configuration list for PBXProject "BeerAI" */ = {
			isa = XCConfigurationList;
			buildConfigurations = (
				6ADB5B2C2A4344B700A2CF3B /* Debug */,
				6ADB5B2D2A4344B700A2CF3B /* Release */,
			);
			defaultConfigurationIsVisible = 0;
			defaultConfigurationName = Release;
		};
		6ADB5B2E2A4344B700A2CF3B /* Build configuration list for PBXNativeTarget "BeerAI Watch App" */ = {
			isa = XCConfigurationList;
			buildConfigurations = (
				6ADB5B2F2A4344B700A2CF3B /* Debug */,
				6ADB5B302A4344B700A2CF3B /* Release */,
			);
			defaultConfigurationIsVisible = 0;
			defaultConfigurationName = Release;
		};
		6ADB5B322A4344B700A2CF3B /* Build configuration list for PBXNativeTarget "BeerAI" */ = {
			isa = XCConfigurationList;
			buildConfigurations = (
				6ADB5B332A4344B700A2CF3B /* Debug */,
				6ADB5B342A4344B700A2CF3B /* Release */,
			);
			defaultConfigurationIsVisible = 0;
			defaultConfigurationName = Release;
		};
/* End XCConfigurationList section */

/* Begin XCRemoteSwiftPackageReference section */
		6ADB5B3D2A43458100A2CF3B /* XCRemoteSwiftPackageReference "Alamofire" */ = {
			isa = XCRemoteSwiftPackageReference;
			repositoryURL = "https://github.com/Alamofire/Alamofire.git";
			requirement = {
				kind = upToNextMajorVersion;
				minimumVersion = 5.0.0;
			};
		};
/* End XCRemoteSwiftPackageReference section */

/* Begin XCSwiftPackageProductDependency section */
		6ADB5B3E2A43458100A2CF3B /* Alamofire */ = {
			isa = XCSwiftPackageProductDependency;
			package = 6ADB5B3D2A43458100A2CF3B /* XCRemoteSwiftPackageReference "Alamofire" */;
			productName = Alamofire;
		};
/* End XCSwiftPackageProductDependency section */
	};
	rootObject = 6ADB5B122A4344B500A2CF3B /* Project object */;
}
